
Microsoft Visual Studio Solution File, Format Version 12.00
# Visual Studio Version 17
VisualStudioVersion = 17.4.33110.190
MinimumVisualStudioVersion = 10.0.40219.1
Project("{FAE04EC0-301F-11D3-BF4B-00C04F79EFBC}") = "Zombie Shoot out", "Zomblie Shoot-out\Zombie Shoot out.csproj", "{A7A364F6-180C-42CB-92B0-035FC5FF1F7C}"
EndProject
Global
	GlobalSection(SolutionConfigurationPlatforms) = preSolution
		Debug|Any CPU = Debug|Any CPU
		Release|Any CPU = Release|Any CPU
	EndGlobalSection
	GlobalSection(ProjectConfigurationPlatforms) = postSolution
		{A7A364F6-180C-42CB-92B0-035FC5FF1F7C}.Debug|Any CPU.ActiveCfg = Debug|Any CPU
		{A7A364F6-180C-42CB-92B0-035FC5FF1F7C}.Debug|Any CPU.Build.0 = Debug|Any CPU
		{A7A364F6-180C-42CB-92B0-035FC5FF1F7C}.Release|Any CPU.ActiveCfg = Release|Any CPU
		{A7A364F6-180C-42CB-92B0-035FC5FF1F7C}.Release|Any CPU.Build.0 = Release|Any CPU
	EndGlobalSection
	GlobalSection(SolutionProperties) = preSolution
		HideSolutionNode = FALSE
	EndGlobalSection
	GlobalSection(ExtensibilityGlobals) = postSolution
		SolutionGuid = {E1632F7C-6EAE-4FAA-AFFD-8E7416940F45}
	EndGlobalSection
EndGlobal
